
Microsoft Visual Studio Solution File, Format Version 12.00
Project("{FAE04EC0-301F-11D3-BF4B-00C04F79EFBC}") = "Atividade-05", "Atividade-05.csproj", "{DFDBF98C-7414-480A-8FBA-6BA0E2BA4D76}"
EndProject
Global
	GlobalSection(SolutionConfigurationPlatforms) = preSolution
		Debug|Any CPU = Debug|Any CPU
		Release|Any CPU = Release|Any CPU
	EndGlobalSection
	GlobalSection(ProjectConfigurationPlatforms) = postSolution
		{DFDBF98C-7414-480A-8FBA-6BA0E2BA4D76}.Debug|Any CPU.ActiveCfg = Debug|Any CPU
		{DFDBF98C-7414-480A-8FBA-6BA0E2BA4D76}.Debug|Any CPU.Build.0 = Debug|Any CPU
		{DFDBF98C-7414-480A-8FBA-6BA0E2BA4D76}.Release|Any CPU.ActiveCfg = Release|Any CPU
		{DFDBF98C-7414-480A-8FBA-6BA0E2BA4D76}.Release|Any CPU.Build.0 = Release|Any CPU
	EndGlobalSection
EndGlobal
